Microsoft Visual Studio Solution File, Format Version 12.00
# Visual Studio Version 17
VisualStudioVersion = 17.8.34309.116
MinimumVisualStudioVersion = 10.0.40219.1
Project("{9A19103F-16F7-4668-BE54-9A1E7A4F7556}") = "ACUWL", "ACUWL.csproj", "{62382ABE-AE29-47B6-89ED-518400DCFF2C}"
EndProject
Project("{2150E333-8FDC-42A3-9474-1A3956D46DE8}") = "Solution Items", "Solution Items", "{B6A3F697-BE35-437C-A73E-14D6160D7CBE}"
	ProjectSection(SolutionItems) = preProject
		.editorconfig = .editorconfig
	EndProjectSection
EndProject
Global
	GlobalSection(SolutionConfigurationPlatforms) = preSolution
		Debug|Any CPU = Debug|Any CPU
		Release|Any CPU = Release|Any CPU
	EndGlobalSection
	GlobalSection(ProjectConfigurationPlatforms) = postSolution
		{62382ABE-AE29-47B6-89ED-518400DCFF2C}.Debug|Any CPU.ActiveCfg = Debug|Any CPU
		{62382ABE-AE29-47B6-89ED-518400DCFF2C}.Debug|Any CPU.Build.0 = Debug|Any CPU
		{62382ABE-AE29-47B6-89ED-518400DCFF2C}.Release|Any CPU.ActiveCfg = Release|Any CPU
		{62382ABE-AE29-47B6-89ED-518400DCFF2C}.Release|Any CPU.Build.0 = Release|Any CPU
	EndGlobalSection
	GlobalSection(SolutionProperties) = preSolution
		HideSolutionNode = FALSE
	EndGlobalSection
	GlobalSection(ExtensibilityGlobals) = postSolution
		SolutionGuid = {56BD1393-F909-461E-ABF3-E850808F1E57}
	EndGlobalSection
EndGlobal
